
Microsoft Visual Studio Solution File, Format Version 12.00
# Visual Studio Version 17
VisualStudioVersion = 17.9.34723.18
MinimumVisualStudioVersion = 10.0.40219.1
Project("{FAE04EC0-301F-11D3-BF4B-00C04F79EFBC}") = "TrabalhoPraticoGrafos", "TrabalhoPraticoGrafos\TrabalhoPraticoGrafos.csproj", "{8E993172-5766-4ABF-8FAD-72B175C10755}"
EndProject
Global
	GlobalSection(SolutionConfigurationPlatforms) = preSolution
		Debug|Any CPU = Debug|Any CPU
		Release|Any CPU = Release|Any CPU
	EndGlobalSection
	GlobalSection(ProjectConfigurationPlatforms) = postSolution
		{8E993172-5766-4ABF-8FAD-72B175C10755}.Debug|Any CPU.ActiveCfg = Debug|Any CPU
		{8E993172-5766-4ABF-8FAD-72B175C10755}.Debug|Any CPU.Build.0 = Debug|Any CPU
		{8E993172-5766-4ABF-8FAD-72B175C10755}.Release|Any CPU.ActiveCfg = Release|Any CPU
		{8E993172-5766-4ABF-8FAD-72B175C10755}.Release|Any CPU.Build.0 = Release|Any CPU
	EndGlobalSection
	GlobalSection(SolutionProperties) = preSolution
		HideSolutionNode = FALSE
	EndGlobalSection
	GlobalSection(ExtensibilityGlobals) = postSolution
		SolutionGuid = {195E057A-7532-484D-A32B-29739263816B}
	EndGlobalSection
EndGlobal
